{
  "name": "@gingerminds/laravel-core",
  "version": "1.0.0",
  "lockfileVersion": 3,
  "requires": true,
  "packages": {
    "": {
      "name": "@gingerminds/laravel-core",
      "version": "1.0.0",
      "dependencies": {
        "jquery": "^3.7.1",
        "select2": "^4.0.13",
        "sortablejs": "^1.15.7"
      }
    },
    "node_modules/jquery": {
      "version": "3.7.1",
      "license": "MIT"
    },
    "node_modules/select2": {
      "version": "4.0.13",
      "license": "MIT"
    },
    "node_modules/sortablejs": {
      "version": "1.15.7",
      "resolved": "https://registry.npmjs.org/sortablejs/-/sortablejs-1.15.7.tgz",
      "integrity": "sha512-Kk8wLQPlS+yi1ZEf48a4+fzHa4yxjC30M/Sr2AnQu+f/MPwvvX9XjZ6OWejiz8crBsLwSq8GHqaxaET7u6ux0A==",
      "license": "MIT"
    }
  }
}
